// !$*UTF8*$!
{
	archiveVersion = 1;
	classes = {
	};
	objectVersion = 46;
	objects = {

/* Begin PBXBuildFile section */
		64463CD7198400B40074757F /* main.swift in Sources */ = {isa = PBXBuildFile; fileRef = 64463CD6198400B40074757F /* main.swift */; };
		64463CD9198400B40074757F /* AppDelegate.swift in Sources */ = {isa = PBXBuildFile; fileRef = 64463CD8198400B40074757F /* AppDelegate.swift */; };
		64463CDB198400B40074757F /* Images.xcassets in Resources */ = {isa = PBXBuildFile; fileRef = 64463CDA198400B40074757F /* Images.xcassets */; };
		64463CDE198400B50074757F /* MainMenu.xib in Resources */ = {isa = PBXBuildFile; fileRef = 64463CDC198400B50074757F /* MainMenu.xib */; };
		64463CEA198400B50074757F /* CastCommanderTests.swift in Sources */ = {isa = PBXBuildFile; fileRef = 64463CE9198400B50074757F /* CastCommanderTests.swift */; };
/* End PBXBuildFile section */

/* Begin PBXContainerItemProxy section */
		64463CE4198400B50074757F /* PBXContainerItemProxy */ = {
			isa = PBXContainerItemProxy;
			containerPortal = 64463CC9198400B40074757F /* Project object */;
			proxyType = 1;
			remoteGlobalIDString = 64463CD0198400B40074757F;
			remoteInfo = CastCommander;
		};
/* End PBXContainerItemProxy section */

/* Begin PBXFileReference section */
		64463CD1198400B40074757F /* CastCommander.app */ = {isa = PBXFileReference; explicitFileType = wrapper.application; includeInIndex = 0; path = CastCommander.app; sourceTree = BUILT_PRODUCTS_DIR; };
		64463CD5198400B40074757F /* Info.plist */ = {isa = PBXFileReference; lastKnownFileType = text.plist.xml; path = Info.plist; sourceTree = "<group>"; };
		64463CD6198400B40074757F /* main.swift */ = {isa = PBXFileReference; lastKnownFileType = sourcecode.swift; path = main.swift; sourceTree = "<group>"; };
		64463CD8198400B40074757F /* AppDelegate.swift */ = {isa = PBXFileReference; lastKnownFileType = sourcecode.swift; path = AppDelegate.swift; sourceTree = "<group>"; };
		64463CDA198400B40074757F /* Images.xcassets */ = {isa = PBXFileReference; lastKnownFileType = folder.assetcatalog; path = Images.xcassets; sourceTree = "<group>"; };
		64463CDD198400B50074757F /* Base */ = {isa = PBXFileReference; lastKnownFileType = file.xib; name = Base; path = Base.lproj/MainMenu.xib; sourceTree = "<group>"; };
		64463CE3198400B50074757F /* CastCommanderTests.xctest */ = {isa = PBXFileReference; explicitFileType = wrapper.cfbundle; includeInIndex = 0; path = CastCommanderTests.xctest; sourceTree = BUILT_PRODUCTS_DIR; };
		64463CE8198400B50074757F /* Info.plist */ = {isa = PBXFileReference; lastKnownFileType = text.plist.xml; path = Info.plist; sourceTree = "<group>"; };
		64463CE9198400B50074757F /* CastCommanderTests.swift */ = {isa = PBXFileReference; lastKnownFileType = sourcecode.swift; path = CastCommanderTests.swift; sourceTree = "<group>"; };
/* End PBXFileReference section */

/* Begin PBXFrameworksBuildPhase section */
		64463CCE198400B40074757F /* Frameworks */ = {
			isa = PBXFrameworksBuildPhase;
			buildActionMask = 2147483647;
			files = (
			);
			runOnlyForDeploymentPostprocessing = 0;
		};
		64463CE0198400B50074757F /* Frameworks */ = {
			isa = PBXFrameworksBuildPhase;
			buildActionMask = 2147483647;
			files = (
			);
			runOnlyForDeploymentPostprocessing = 0;
		};
/* End PBXFrameworksBuildPhase section */

/* Begin PBXGroup section */
		64463CC8198400B40074757F = {
			isa = PBXGroup;
			children = (
				64463CD3198400B40074757F /* CastCommander */,
				64463CE6198400B50074757F /* CastCommanderTests */,
				64463CD2198400B40074757F /* Products */,
			);
			sourceTree = "<group>";
		};
		64463CD2198400B40074757F /* Products */ = {
			isa = PBXGroup;
			children = (
				64463CD1198400B40074757F /* CastCommander.app */,
				64463CE3198400B50074757F /* CastCommanderTests.xctest */,
			);
			name = Products;
			sourceTree = "<group>";
		};
		64463CD3198400B40074757F /* CastCommander */ = {
			isa = PBXGroup;
			children = (
				64463CD8198400B40074757F /* AppDelegate.swift */,
				64463CDA198400B40074757F /* Images.xcassets */,
				64463CDC198400B50074757F /* MainMenu.xib */,
				64463CD4198400B40074757F /* Supporting Files */,
			);
			path = CastCommander;
			sourceTree = "<group>";
		};
		64463CD4198400B40074757F /* Supporting Files */ = {
			isa = PBXGroup;
			children = (
				64463CD5198400B40074757F /* Info.plist */,
				64463CD6198400B40074757F /* main.swift */,
			);
			name = "Supporting Files";
			sourceTree = "<group>";
		};
		64463CE6198400B50074757F /* CastCommanderTests */ = {
			isa = PBXGroup;
			children = (
				64463CE9198400B50074757F /* CastCommanderTests.swift */,
				64463CE7198400B50074757F /* Supporting Files */,
			);
			path = CastCommanderTests;
			sourceTree = "<group>";
		};
		64463CE7198400B50074757F /* Supporting Files */ = {
			isa = PBXGroup;
			children = (
				64463CE8198400B50074757F /* Info.plist */,
			);
			name = "Supporting Files";
			sourceTree = "<group>";
		};
/* End PBXGroup section */

/* Begin PBXNativeTarget section */
		64463CD0198400B40074757F /* CastCommander */ = {
			isa = PBXNativeTarget;
			buildConfigurationList = 64463CED198400B50074757F /* Build configuration list for PBXNativeTarget "CastCommander" */;
			buildPhases = (
				64463CCD198400B40074757F /* Sources */,
				64463CCE198400B40074757F /* Frameworks */,
				64463CCF198400B40074757F /* Resources */,
			);
			buildRules = (
			);
			dependencies = (
			);
			name = CastCommander;
			productName = CastCommander;
			productReference = 64463CD1198400B40074757F /* CastCommander.app */;
			productType = "com.apple.product-type.application";
		};
		64463CE2198400B50074757F /* CastCommanderTests */ = {
			isa = PBXNativeTarget;
			buildConfigurationList = 64463CF0198400B50074757F /* Build configuration list for PBXNativeTarget "CastCommanderTests" */;
			buildPhases = (
				64463CDF198400B50074757F /* Sources */,
				64463CE0198400B50074757F /* Frameworks */,
				64463CE1198400B50074757F /* Resources */,
			);
			buildRules = (
			);
			dependencies = (
				64463CE5198400B50074757F /* PBXTargetDependency */,
			);
			name = CastCommanderTests;
			productName = CastCommanderTests;
			productReference = 64463CE3198400B50074757F /* CastCommanderTests.xctest */;
			productType = "com.apple.product-type.bundle.unit-test";
		};
/* End PBXNativeTarget section */

/* Begin PBXProject section */
		64463CC9198400B40074757F /* Project object */ = {
			isa = PBXProject;
			attributes = {
				LastUpgradeCheck = 0600;
				ORGANIZATIONNAME = "Adam Jensen";
				TargetAttributes = {
					64463CD0198400B40074757F = {
						CreatedOnToolsVersion = 6.0;
					};
					64463CE2198400B50074757F = {
						CreatedOnToolsVersion = 6.0;
						TestTargetID = 64463CD0198400B40074757F;
					};
				};
			};
			buildConfigurationList = 64463CCC198400B40074757F /* Build configuration list for PBXProject "CastCommander" */;
			compatibilityVersion = "Xcode 3.2";
			developmentRegion = English;
			hasScannedForEncodings = 0;
			knownRegions = (
				en,
				Base,
			);
			mainGroup = 64463CC8198400B40074757F;
			productRefGroup = 64463CD2198400B40074757F /* Products */;
			projectDirPath = "";
			projectRoot = "";
			targets = (
				64463CD0198400B40074757F /* CastCommander */,
				64463CE2198400B50074757F /* CastCommanderTests */,
			);
		};
/* End PBXProject section */

/* Begin PBXResourcesBuildPhase section */
		64463CCF198400B40074757F /* Resources */ = {
			isa = PBXResourcesBuildPhase;
			buildActionMask = 2147483647;
			files = (
				64463CDB198400B40074757F /* Images.xcassets in Resources */,
				64463CDE198400B50074757F /* MainMenu.xib in Resources */,
			);
			runOnlyForDeploymentPostprocessing = 0;
		};
		64463CE1198400B50074757F /* Resources */ = {
			isa = PBXResourcesBuildPhase;
			buildActionMask = 2147483647;
			files = (
			);
			runOnlyForDeploymentPostprocessing = 0;
		};
/* End PBXResourcesBuildPhase section */

/* Begin PBXSourcesBuildPhase section */
		64463CCD198400B40074757F /* Sources */ = {
			isa = PBXSourcesBuildPhase;
			buildActionMask = 2147483647;
			files = (
				64463CD9198400B40074757F /* AppDelegate.swift in Sources */,
				64463CD7198400B40074757F /* main.swift in Sources */,
			);
			runOnlyForDeploymentPostprocessing = 0;
		};
		64463CDF198400B50074757F /* Sources */ = {
			isa = PBXSourcesBuildPhase;
			buildActionMask = 2147483647;
			files = (
				64463CEA198400B50074757F /* CastCommanderTests.swift in Sources */,
			);
			runOnlyForDeploymentPostprocessing = 0;
		};
/* End PBXSourcesBuildPhase section */

/* Begin PBXTargetDependency section */
		64463CE5198400B50074757F /* PBXTargetDependency */ = {
			isa = PBXTargetDependency;
			target = 64463CD0198400B40074757F /* CastCommander */;
			targetProxy = 64463CE4198400B50074757F /* PBXContainerItemProxy */;
		};
/* End PBXTargetDependency section */

/* Begin PBXVariantGroup section */
		64463CDC198400B50074757F /* MainMenu.xib */ = {
			isa = PBXVariantGroup;
			children = (
				64463CDD198400B50074757F /* Base */,
			);
			name = MainMenu.xib;
			sourceTree = "<group>";
		};
/* End PBXVariantGroup section */

/* Begin XCBuildConfiguration section */
		64463CEB198400B50074757F /* Debug */ = {
			isa = XCBuildConfiguration;
			buildSettings = {
				ALWAYS_SEARCH_USER_PATHS = NO;
				CLANG_CXX_LANGUAGE_STANDARD = "gnu++0x";
				CLANG_CXX_LIBRARY = "libc++";
				CLANG_ENABLE_MODULES = YES;
				CLANG_ENABLE_OBJC_ARC = YES;
				CLANG_WARN_BOOL_CONVERSION = YES;
				CLANG_WARN_CONSTANT_CONVERSION = YES;
				CLANG_WARN_DIRECT_OBJC_ISA_USAGE = YES_ERROR;
				CLANG_WARN_EMPTY_BODY = YES;
				CLANG_WARN_ENUM_CONVERSION = YES;
				CLANG_WARN_INT_CONVERSION = YES;
				CLANG_WARN_OBJC_ROOT_CLASS = YES_ERROR;
				CLANG_WARN_UNREACHABLE_CODE = YES;
				CLANG_WARN__DUPLICATE_METHOD_MATCH = YES;
				CODE_SIGN_IDENTITY = "-";
				COPY_PHASE_STRIP = NO;
				ENABLE_STRICT_OBJC_MSGSEND = YES;
				GCC_C_LANGUAGE_STANDARD = gnu99;
				GCC_DYNAMIC_NO_PIC = NO;
				GCC_OPTIMIZATION_LEVEL = 0;
				GCC_PREPROCESSOR_DEFINITIONS = (
					"DEBUG=1",
					"$(inherited)",
				);
				GCC_SYMBOLS_PRIVATE_EXTERN = NO;
				GCC_WARN_64_TO_32_BIT_CONVERSION = YES;
				GCC_WARN_ABOUT_RETURN_TYPE = YES_ERROR;
				GCC_WARN_UNDECLARED_SELECTOR = YES;
				GCC_WARN_UNINITIALIZED_AUTOS = YES_AGGRESSIVE;
				GCC_WARN_UNUSED_FUNCTION = YES;
				GCC_WARN_UNUSED_VARIABLE = YES;
				MACOSX_DEPLOYMENT_TARGET = 10.9;
				MTL_ENABLE_DEBUG_INFO = YES;
				ONLY_ACTIVE_ARCH = YES;
				SDKROOT = macosx;
				SWIFT_OPTIMIZATION_LEVEL = "-Onone";
			};
			name = Debug;
		};
		64463CEC198400B50074757F /* Release */ = {
			isa = XCBuildConfiguration;
			buildSettings = {
				ALWAYS_SEARCH_USER_PATHS = NO;
				CLANG_CXX_LANGUAGE_STANDARD = "gnu++0x";
				CLANG_CXX_LIBRARY = "libc++";
				CLANG_ENABLE_MODULES = YES;
				CLANG_ENABLE_OBJC_ARC = YES;
				CLANG_WARN_BOOL_CONVERSION = YES;
				CLANG_WARN_CONSTANT_CONVERSION = YES;
				CLANG_WARN_DIRECT_OBJC_ISA_USAGE = YES_ERROR;
				CLANG_WARN_EMPTY_BODY = YES;
				CLANG_WARN_ENUM_CONVERSION = YES;
				CLANG_WARN_INT_CONVERSION = YES;
				CLANG_WARN_OBJC_ROOT_CLASS = YES_ERROR;
				CLANG_WARN_UNREACHABLE_CODE = YES;
				CLANG_WARN__DUPLICATE_METHOD_MATCH = YES;
				CODE_SIGN_IDENTITY = "-";
				COPY_PHASE_STRIP = YES;
				DEBUG_INFORMATION_FORMAT = "dwarf-with-dsym";
				ENABLE_NS_ASSERTIONS = NO;
				ENABLE_STRICT_OBJC_MSGSEND = YES;
				GCC_C_LANGUAGE_STANDARD = gnu99;
				GCC_WARN_64_TO_32_BIT_CONVERSION = YES;
				GCC_WARN_ABOUT_RETURN_TYPE = YES_ERROR;
				GCC_WARN_UNDECLARED_SELECTOR = YES;
				GCC_WARN_UNINITIALIZED_AUTOS = YES_AGGRESSIVE;
				GCC_WARN_UNUSED_FUNCTION = YES;
				GCC_WARN_UNUSED_VARIABLE = YES;
				MACOSX_DEPLOYMENT_TARGET = 10.9;
				MTL_ENABLE_DEBUG_INFO = NO;
				SDKROOT = macosx;
			};
			name = Release;
		};
		64463CEE198400B50074757F /* Debug */ = {
			isa = XCBuildConfiguration;
			buildSettings = {
				ASSETCATALOG_COMPILER_APPICON_NAME = AppIcon;
				COMBINE_HIDPI_IMAGES = YES;
				INFOPLIST_FILE = CastCommander/Info.plist;
				LD_RUNPATH_SEARCH_PATHS = "$(inherited) @executable_path/../Frameworks";
				PRODUCT_NAME = "$(TARGET_NAME)";
			};
			name = Debug;
		};
		64463CEF198400B50074757F /* Release */ = {
			isa = XCBuildConfiguration;
			buildSettings = {
				ASSETCATALOG_COMPILER_APPICON_NAME = AppIcon;
				COMBINE_HIDPI_IMAGES = YES;
				INFOPLIST_FILE = CastCommander/Info.plist;
				LD_RUNPATH_SEARCH_PATHS = "$(inherited) @executable_path/../Frameworks";
				PRODUCT_NAME = "$(TARGET_NAME)";
			};
			name = Release;
		};
		64463CF1198400B50074757F /* Debug */ = {
			isa = XCBuildConfiguration;
			buildSettings = {
				BUNDLE_LOADER = "$(BUILT_PRODUCTS_DIR)/CastCommander.app/Contents/MacOS/CastCommander";
				COMBINE_HIDPI_IMAGES = YES;
				FRAMEWORK_SEARCH_PATHS = (
					"$(DEVELOPER_FRAMEWORKS_DIR)",
					"$(inherited)",
				);
				GCC_PREPROCESSOR_DEFINITIONS = (
					"DEBUG=1",
					"$(inherited)",
				);
				INFOPLIST_FILE = CastCommanderTests/Info.plist;
				LD_RUNPATH_SEARCH_PATHS = "$(inherited) @executable_path/../Frameworks @loader_path/../Frameworks";
				PRODUCT_NAME = "$(TARGET_NAME)";
				TEST_HOST = "$(BUNDLE_LOADER)";
			};
			name = Debug;
		};
		64463CF2198400B50074757F /* Release */ = {
			isa = XCBuildConfiguration;
			buildSettings = {
				BUNDLE_LOADER = "$(BUILT_PRODUCTS_DIR)/CastCommander.app/Contents/MacOS/CastCommander";
				COMBINE_HIDPI_IMAGES = YES;
				FRAMEWORK_SEARCH_PATHS = (
					"$(DEVELOPER_FRAMEWORKS_DIR)",
					"$(inherited)",
				);
				INFOPLIST_FILE = CastCommanderTests/Info.plist;
				LD_RUNPATH_SEARCH_PATHS = "$(inherited) @executable_path/../Frameworks @loader_path/../Frameworks";
				PRODUCT_NAME = "$(TARGET_NAME)";
				TEST_HOST = "$(BUNDLE_LOADER)";
			};
			name = Release;
		};
/* End XCBuildConfiguration section */

/* Begin XCConfigurationList section */
		64463CCC198400B40074757F /* Build configuration list for PBXProject "CastCommander" */ = {
			isa = XCConfigurationList;
			buildConfigurations = (
				64463CEB198400B50074757F /* Debug */,
				64463CEC198400B50074757F /* Release */,
			);
			defaultConfigurationIsVisible = 0;
			defaultConfigurationName = Release;
		};
		64463CED198400B50074757F /* Build configuration list for PBXNativeTarget "CastCommander" */ = {
			isa = XCConfigurationList;
			buildConfigurations = (
				64463CEE198400B50074757F /* Debug */,
				64463CEF198400B50074757F /* Release */,
			);
			defaultConfigurationIsVisible = 0;
		};
		64463CF0198400B50074757F /* Build configuration list for PBXNativeTarget "CastCommanderTests" */ = {
			isa = XCConfigurationList;
			buildConfigurations = (
				64463CF1198400B50074757F /* Debug */,
				64463CF2198400B50074757F /* Release */,
			);
			defaultConfigurationIsVisible = 0;
		};
/* End XCConfigurationList section */
	};
	rootObject = 64463CC9198400B40074757F /* Project object */;
}
