// !$*UTF8*$!
{
	archiveVersion = 1;
	classes = {
	};
	objectVersion = 46;
	objects = {

/* Begin PBXBuildFile section */
		6422E64F1A3157C200728A95 /* OpenCast.framework in Frameworks */ = {isa = PBXBuildFile; fileRef = 6422E64C1A3157B700728A95 /* OpenCast.framework */; };
		6422E6571A315BF200728A95 /* OpenCast.framework in CopyFiles */ = {isa = PBXBuildFile; fileRef = 6422E64C1A3157B700728A95 /* OpenCast.framework */; settings = {ATTRIBUTES = (CodeSignOnCopy, RemoveHeadersOnCopy, ); }; };
		64463CD9198400B40074757F /* AppDelegate.swift in Sources */ = {isa = PBXBuildFile; fileRef = 64463CD8198400B40074757F /* AppDelegate.swift */; };
		64463CDB198400B40074757F /* Images.xcassets in Resources */ = {isa = PBXBuildFile; fileRef = 64463CDA198400B40074757F /* Images.xcassets */; };
		64463CDE198400B50074757F /* MainMenu.xib in Resources */ = {isa = PBXBuildFile; fileRef = 64463CDC198400B50074757F /* MainMenu.xib */; };
		64463D0719844FB10074757F /* ControlWindowController.xib in Resources */ = {isa = PBXBuildFile; fileRef = 64463D0619844FB10074757F /* ControlWindowController.xib */; };
		64463D09198450710074757F /* ControlWindowController.swift in Sources */ = {isa = PBXBuildFile; fileRef = 64463D08198450710074757F /* ControlWindowController.swift */; };
		645C127B1985A9A100CF23B3 /* MediaWindowController.xib in Resources */ = {isa = PBXBuildFile; fileRef = 645C127A1985A9A100CF23B3 /* MediaWindowController.xib */; };
/* End PBXBuildFile section */

/* Begin PBXContainerItemProxy section */
		6422E64B1A3157B700728A95 /* PBXContainerItemProxy */ = {
			isa = PBXContainerItemProxy;
			containerPortal = 6422E6461A3157B700728A95 /* OpenCast.xcodeproj */;
			proxyType = 2;
			remoteGlobalIDString = 641D83C9196CB592001700EC;
			remoteInfo = OpenCast;
		};
		6422E64D1A3157B700728A95 /* PBXContainerItemProxy */ = {
			isa = PBXContainerItemProxy;
			containerPortal = 6422E6461A3157B700728A95 /* OpenCast.xcodeproj */;
			proxyType = 2;
			remoteGlobalIDString = 641D83E0196CB592001700EC;
			remoteInfo = OpenCastTests;
		};
/* End PBXContainerItemProxy section */

/* Begin PBXCopyFilesBuildPhase section */
		6422E6561A315BE800728A95 /* CopyFiles */ = {
			isa = PBXCopyFilesBuildPhase;
			buildActionMask = 2147483647;
			dstPath = "";
			dstSubfolderSpec = 10;
			files = (
				6422E6571A315BF200728A95 /* OpenCast.framework in CopyFiles */,
			);
			runOnlyForDeploymentPostprocessing = 0;
		};
/* End PBXCopyFilesBuildPhase section */

/* Begin PBXFileReference section */
		6422E6461A3157B700728A95 /* OpenCast.xcodeproj */ = {isa = PBXFileReference; lastKnownFileType = "wrapper.pb-project"; name = OpenCast.xcodeproj; path = OpenCast/OpenCast.xcodeproj; sourceTree = "<group>"; };
		6422E6521A315A9900728A95 /* Info.plist */ = {isa = PBXFileReference; fileEncoding = 4; lastKnownFileType = text.plist.xml; path = Info.plist; sourceTree = "<group>"; };
		64463CD1198400B40074757F /* CastCommander.app */ = {isa = PBXFileReference; explicitFileType = wrapper.application; includeInIndex = 0; path = CastCommander.app; sourceTree = BUILT_PRODUCTS_DIR; };
		64463CD8198400B40074757F /* AppDelegate.swift */ = {isa = PBXFileReference; lastKnownFileType = sourcecode.swift; path = AppDelegate.swift; sourceTree = "<group>"; };
		64463CDA198400B40074757F /* Images.xcassets */ = {isa = PBXFileReference; lastKnownFileType = folder.assetcatalog; path = Images.xcassets; sourceTree = "<group>"; };
		64463CDD198400B50074757F /* Base */ = {isa = PBXFileReference; lastKnownFileType = file.xib; name = Base; path = Base.lproj/MainMenu.xib; sourceTree = "<group>"; };
		64463CF8198441140074757F /* Bridging-Header.h */ = {isa = PBXFileReference; lastKnownFileType = sourcecode.c.h; path = "Bridging-Header.h"; sourceTree = "<group>"; };
		64463D0619844FB10074757F /* ControlWindowController.xib */ = {isa = PBXFileReference; fileEncoding = 4; lastKnownFileType = file.xib; path = ControlWindowController.xib; sourceTree = "<group>"; };
		64463D08198450710074757F /* ControlWindowController.swift */ = {isa = PBXFileReference; fileEncoding = 4; lastKnownFileType = sourcecode.swift; path = ControlWindowController.swift; sourceTree = "<group>"; };
		645C127A1985A9A100CF23B3 /* MediaWindowController.xib */ = {isa = PBXFileReference; fileEncoding = 4; lastKnownFileType = file.xib; name = MediaWindowController.xib; path = ../MediaWindowController.xib; sourceTree = "<group>"; };
/* End PBXFileReference section */

/* Begin PBXFrameworksBuildPhase section */
		64463CCE198400B40074757F /* Frameworks */ = {
			isa = PBXFrameworksBuildPhase;
			buildActionMask = 2147483647;
			files = (
				6422E64F1A3157C200728A95 /* OpenCast.framework in Frameworks */,
			);
			runOnlyForDeploymentPostprocessing = 0;
		};
/* End PBXFrameworksBuildPhase section */

/* Begin PBXGroup section */
		6422E5811A31579300728A95 /* Libraries */ = {
			isa = PBXGroup;
			children = (
				6422E6461A3157B700728A95 /* OpenCast.xcodeproj */,
			);
			path = Libraries;
			sourceTree = "<group>";
		};
		6422E6471A3157B700728A95 /* Products */ = {
			isa = PBXGroup;
			children = (
				6422E64C1A3157B700728A95 /* OpenCast.framework */,
				6422E64E1A3157B700728A95 /* OpenCastTests.xctest */,
			);
			name = Products;
			sourceTree = "<group>";
		};
		64463CC8198400B40074757F = {
			isa = PBXGroup;
			children = (
				64463CD3198400B40074757F /* CastCommander */,
				6422E5811A31579300728A95 /* Libraries */,
				64463CD2198400B40074757F /* Products */,
			);
			sourceTree = "<group>";
		};
		64463CD2198400B40074757F /* Products */ = {
			isa = PBXGroup;
			children = (
				64463CD1198400B40074757F /* CastCommander.app */,
			);
			name = Products;
			sourceTree = "<group>";
		};
		64463CD3198400B40074757F /* CastCommander */ = {
			isa = PBXGroup;
			children = (
				645C127A1985A9A100CF23B3 /* MediaWindowController.xib */,
				64463CD8198400B40074757F /* AppDelegate.swift */,
				64463D08198450710074757F /* ControlWindowController.swift */,
				64463D0619844FB10074757F /* ControlWindowController.xib */,
				64463CDA198400B40074757F /* Images.xcassets */,
				64463CDC198400B50074757F /* MainMenu.xib */,
				64463CD4198400B40074757F /* Supporting Files */,
			);
			path = CastCommander;
			sourceTree = "<group>";
		};
		64463CD4198400B40074757F /* Supporting Files */ = {
			isa = PBXGroup;
			children = (
				6422E6521A315A9900728A95 /* Info.plist */,
				64463CF8198441140074757F /* Bridging-Header.h */,
			);
			name = "Supporting Files";
			sourceTree = "<group>";
		};
/* End PBXGroup section */

/* Begin PBXNativeTarget section */
		64463CD0198400B40074757F /* CastCommander */ = {
			isa = PBXNativeTarget;
			buildConfigurationList = 64463CED198400B50074757F /* Build configuration list for PBXNativeTarget "CastCommander" */;
			buildPhases = (
				64463CCD198400B40074757F /* Sources */,
				64463CCE198400B40074757F /* Frameworks */,
				64463CCF198400B40074757F /* Resources */,
				6422E6561A315BE800728A95 /* CopyFiles */,
			);
			buildRules = (
			);
			dependencies = (
			);
			name = CastCommander;
			productName = CastCommander;
			productReference = 64463CD1198400B40074757F /* CastCommander.app */;
			productType = "com.apple.product-type.application";
		};
/* End PBXNativeTarget section */

/* Begin PBXProject section */
		64463CC9198400B40074757F /* Project object */ = {
			isa = PBXProject;
			attributes = {
				LastSwiftMigration = 0700;
				LastSwiftUpdateCheck = 0700;
				LastUpgradeCheck = 0700;
				ORGANIZATIONNAME = "Adam Jensen";
				TargetAttributes = {
					64463CD0198400B40074757F = {
						CreatedOnToolsVersion = 6.0;
					};
				};
			};
			buildConfigurationList = 64463CCC198400B40074757F /* Build configuration list for PBXProject "CastCommander" */;
			compatibilityVersion = "Xcode 3.2";
			developmentRegion = English;
			hasScannedForEncodings = 0;
			knownRegions = (
				en,
				Base,
			);
			mainGroup = 64463CC8198400B40074757F;
			productRefGroup = 64463CD2198400B40074757F /* Products */;
			projectDirPath = "";
			projectReferences = (
				{
					ProductGroup = 6422E6471A3157B700728A95 /* Products */;
					ProjectRef = 6422E6461A3157B700728A95 /* OpenCast.xcodeproj */;
				},
			);
			projectRoot = "";
			targets = (
				64463CD0198400B40074757F /* CastCommander */,
			);
		};
/* End PBXProject section */

/* Begin PBXReferenceProxy section */
		6422E64C1A3157B700728A95 /* OpenCast.framework */ = {
			isa = PBXReferenceProxy;
			fileType = wrapper.framework;
			path = OpenCast.framework;
			remoteRef = 6422E64B1A3157B700728A95 /* PBXContainerItemProxy */;
			sourceTree = BUILT_PRODUCTS_DIR;
		};
		6422E64E1A3157B700728A95 /* OpenCastTests.xctest */ = {
			isa = PBXReferenceProxy;
			fileType = wrapper.cfbundle;
			path = OpenCastTests.xctest;
			remoteRef = 6422E64D1A3157B700728A95 /* PBXContainerItemProxy */;
			sourceTree = BUILT_PRODUCTS_DIR;
		};
/* End PBXReferenceProxy section */

/* Begin PBXResourcesBuildPhase section */
		64463CCF198400B40074757F /* Resources */ = {
			isa = PBXResourcesBuildPhase;
			buildActionMask = 2147483647;
			files = (
				64463CDB198400B40074757F /* Images.xcassets in Resources */,
				645C127B1985A9A100CF23B3 /* MediaWindowController.xib in Resources */,
				64463CDE198400B50074757F /* MainMenu.xib in Resources */,
				64463D0719844FB10074757F /* ControlWindowController.xib in Resources */,
			);
			runOnlyForDeploymentPostprocessing = 0;
		};
/* End PBXResourcesBuildPhase section */

/* Begin PBXSourcesBuildPhase section */
		64463CCD198400B40074757F /* Sources */ = {
			isa = PBXSourcesBuildPhase;
			buildActionMask = 2147483647;
			files = (
				64463CD9198400B40074757F /* AppDelegate.swift in Sources */,
				64463D09198450710074757F /* ControlWindowController.swift in Sources */,
			);
			runOnlyForDeploymentPostprocessing = 0;
		};
/* End PBXSourcesBuildPhase section */

/* Begin PBXVariantGroup section */
		64463CDC198400B50074757F /* MainMenu.xib */ = {
			isa = PBXVariantGroup;
			children = (
				64463CDD198400B50074757F /* Base */,
			);
			name = MainMenu.xib;
			sourceTree = "<group>";
		};
/* End PBXVariantGroup section */

/* Begin XCBuildConfiguration section */
		64463CEB198400B50074757F /* Debug */ = {
			isa = XCBuildConfiguration;
			buildSettings = {
				ALWAYS_SEARCH_USER_PATHS = NO;
				CLANG_CXX_LANGUAGE_STANDARD = "gnu++0x";
				CLANG_CXX_LIBRARY = "libc++";
				CLANG_ENABLE_MODULES = YES;
				CLANG_ENABLE_OBJC_ARC = YES;
				CLANG_WARN_BOOL_CONVERSION = YES;
				CLANG_WARN_CONSTANT_CONVERSION = YES;
				CLANG_WARN_DIRECT_OBJC_ISA_USAGE = YES_ERROR;
				CLANG_WARN_EMPTY_BODY = YES;
				CLANG_WARN_ENUM_CONVERSION = YES;
				CLANG_WARN_INT_CONVERSION = YES;
				CLANG_WARN_OBJC_ROOT_CLASS = YES_ERROR;
				CLANG_WARN_UNREACHABLE_CODE = YES;
				CLANG_WARN__DUPLICATE_METHOD_MATCH = YES;
				CODE_SIGN_IDENTITY = "-";
				COPY_PHASE_STRIP = NO;
				ENABLE_STRICT_OBJC_MSGSEND = YES;
				ENABLE_TESTABILITY = YES;
				GCC_C_LANGUAGE_STANDARD = gnu99;
				GCC_DYNAMIC_NO_PIC = NO;
				GCC_OPTIMIZATION_LEVEL = 0;
				GCC_PREPROCESSOR_DEFINITIONS = (
					"DEBUG=1",
					"$(inherited)",
				);
				GCC_SYMBOLS_PRIVATE_EXTERN = NO;
				GCC_WARN_64_TO_32_BIT_CONVERSION = YES;
				GCC_WARN_ABOUT_RETURN_TYPE = YES_ERROR;
				GCC_WARN_UNDECLARED_SELECTOR = YES;
				GCC_WARN_UNINITIALIZED_AUTOS = YES_AGGRESSIVE;
				GCC_WARN_UNUSED_FUNCTION = YES;
				GCC_WARN_UNUSED_VARIABLE = YES;
				MACOSX_DEPLOYMENT_TARGET = 10.9;
				MTL_ENABLE_DEBUG_INFO = YES;
				ONLY_ACTIVE_ARCH = YES;
				SDKROOT = macosx;
				SWIFT_OPTIMIZATION_LEVEL = "-Onone";
			};
			name = Debug;
		};
		64463CEC198400B50074757F /* Release */ = {
			isa = XCBuildConfiguration;
			buildSettings = {
				ALWAYS_SEARCH_USER_PATHS = NO;
				CLANG_CXX_LANGUAGE_STANDARD = "gnu++0x";
				CLANG_CXX_LIBRARY = "libc++";
				CLANG_ENABLE_MODULES = YES;
				CLANG_ENABLE_OBJC_ARC = YES;
				CLANG_WARN_BOOL_CONVERSION = YES;
				CLANG_WARN_CONSTANT_CONVERSION = YES;
				CLANG_WARN_DIRECT_OBJC_ISA_USAGE = YES_ERROR;
				CLANG_WARN_EMPTY_BODY = YES;
				CLANG_WARN_ENUM_CONVERSION = YES;
				CLANG_WARN_INT_CONVERSION = YES;
				CLANG_WARN_OBJC_ROOT_CLASS = YES_ERROR;
				CLANG_WARN_UNREACHABLE_CODE = YES;
				CLANG_WARN__DUPLICATE_METHOD_MATCH = YES;
				CODE_SIGN_IDENTITY = "-";
				COPY_PHASE_STRIP = YES;
				DEBUG_INFORMATION_FORMAT = "dwarf-with-dsym";
				ENABLE_NS_ASSERTIONS = NO;
				ENABLE_STRICT_OBJC_MSGSEND = YES;
				GCC_C_LANGUAGE_STANDARD = gnu99;
				GCC_WARN_64_TO_32_BIT_CONVERSION = YES;
				GCC_WARN_ABOUT_RETURN_TYPE = YES_ERROR;
				GCC_WARN_UNDECLARED_SELECTOR = YES;
				GCC_WARN_UNINITIALIZED_AUTOS = YES_AGGRESSIVE;
				GCC_WARN_UNUSED_FUNCTION = YES;
				GCC_WARN_UNUSED_VARIABLE = YES;
				MACOSX_DEPLOYMENT_TARGET = 10.9;
				MTL_ENABLE_DEBUG_INFO = NO;
				SDKROOT = macosx;
			};
			name = Release;
		};
		64463CEE198400B50074757F /* Debug */ = {
			isa = XCBuildConfiguration;
			buildSettings = {
				ASSETCATALOG_COMPILER_APPICON_NAME = AppIcon;
				COMBINE_HIDPI_IMAGES = YES;
				FRAMEWORK_SEARCH_PATHS = (
					"$(inherited)",
					"$(USER_LIBRARY_DIR)/Developer/Xcode/DerivedData/OpenCast-fodvklbwfkhrowfpjohoareqbkdn/Build/Products/Debug",
				);
				INFOPLIST_FILE = CastCommander/Info.plist;
				LD_RUNPATH_SEARCH_PATHS = "$(inherited) @executable_path/../Frameworks";
				MACOSX_DEPLOYMENT_TARGET = 10.10;
				PRODUCT_BUNDLE_IDENTIFIER = "org.linuxguy.${PRODUCT_NAME:rfc1034identifier}";
				PRODUCT_NAME = "$(TARGET_NAME)";
				SWIFT_OBJC_BRIDGING_HEADER = "CastCommander/Bridging-Header.h";
			};
			name = Debug;
		};
		64463CEF198400B50074757F /* Release */ = {
			isa = XCBuildConfiguration;
			buildSettings = {
				ASSETCATALOG_COMPILER_APPICON_NAME = AppIcon;
				COMBINE_HIDPI_IMAGES = YES;
				FRAMEWORK_SEARCH_PATHS = (
					"$(inherited)",
					"$(USER_LIBRARY_DIR)/Developer/Xcode/DerivedData/OpenCast-fodvklbwfkhrowfpjohoareqbkdn/Build/Products/Debug",
				);
				INFOPLIST_FILE = CastCommander/Info.plist;
				LD_RUNPATH_SEARCH_PATHS = "$(inherited) @executable_path/../Frameworks";
				MACOSX_DEPLOYMENT_TARGET = 10.10;
				PRODUCT_BUNDLE_IDENTIFIER = "org.linuxguy.${PRODUCT_NAME:rfc1034identifier}";
				PRODUCT_NAME = "$(TARGET_NAME)";
				SWIFT_OBJC_BRIDGING_HEADER = "CastCommander/Bridging-Header.h";
			};
			name = Release;
		};
/* End XCBuildConfiguration section */

/* Begin XCConfigurationList section */
		64463CCC198400B40074757F /* Build configuration list for PBXProject "CastCommander" */ = {
			isa = XCConfigurationList;
			buildConfigurations = (
				64463CEB198400B50074757F /* Debug */,
				64463CEC198400B50074757F /* Release */,
			);
			defaultConfigurationIsVisible = 0;
			defaultConfigurationName = Release;
		};
		64463CED198400B50074757F /* Build configuration list for PBXNativeTarget "CastCommander" */ = {
			isa = XCConfigurationList;
			buildConfigurations = (
				64463CEE198400B50074757F /* Debug */,
				64463CEF198400B50074757F /* Release */,
			);
			defaultConfigurationIsVisible = 0;
			defaultConfigurationName = Release;
		};
/* End XCConfigurationList section */
	};
	rootObject = 64463CC9198400B40074757F /* Project object */;
}
